
Microsoft Visual Studio Solution File, Format Version 12.00
# Visual Studio Version 16
VisualStudioVersion = 16.0.29806.167
MinimumVisualStudioVersion = 10.0.40219.1
Project("{8BC9CEB8-8B4A-11D0-8D11-00A0C91BC942}") = "Bus Reservation System", "Bus Reservation System.vcxproj", "{AFB87D06-5218-4C5D-854B-9164D9BD6883}"
EndProject
Global
	GlobalSection(SolutionConfigurationPlatforms) = preSolution
		Debug|x64 = Debug|x64
		Debug|x86 = Debug|x86
		Release|x64 = Release|x64
		Release|x86 = Release|x86
	EndGlobalSection
	GlobalSection(ProjectConfigurationPlatforms) = postSolution
		{AFB87D06-5218-4C5D-854B-9164D9BD6883}.Debug|x64.ActiveCfg = Debug|x64
		{AFB87D06-5218-4C5D-854B-9164D9BD6883}.Debug|x64.Build.0 = Debug|x64
		{AFB87D06-5218-4C5D-854B-9164D9BD6883}.Debug|x86.ActiveCfg = Debug|Win32
		{AFB87D06-5218-4C5D-854B-9164D9BD6883}.Debug|x86.Build.0 = Debug|Win32
		{AFB87D06-5218-4C5D-854B-9164D9BD6883}.Release|x64.ActiveCfg = Release|x64
		{AFB87D06-5218-4C5D-854B-9164D9BD6883}.Release|x64.Build.0 = Release|x64
		{AFB87D06-5218-4C5D-854B-9164D9BD6883}.Release|x86.ActiveCfg = Release|Win32
		{AFB87D06-5218-4C5D-854B-9164D9BD6883}.Release|x86.Build.0 = Release|Win32
	EndGlobalSection
	GlobalSection(SolutionProperties) = preSolution
		HideSolutionNode = FALSE
	EndGlobalSection
	GlobalSection(ExtensibilityGlobals) = postSolution
		SolutionGuid = {672486B5-83CC-4977-85C4-9A8459457EB5}
	EndGlobalSection
EndGlobal
